
Microsoft Visual Studio Solution File, Format Version 12.00
# Visual Studio Version 17
VisualStudioVersion = 17.14.36511.14
MinimumVisualStudioVersion = 10.0.40219.1
Project("{FAE04EC0-301F-11D3-BF4B-00C04F79EFBC}") = "Domain", "..\..\domain\Domain\Domain.csproj", "{E9591F36-D357-4E82-9832-0EE727DE9C6B}"
EndProject
Project("{2150E333-8FDC-42A3-9474-1A3956D46DE8}") = "Application", "Application", "{36D591C7-65C7-A0D1-1CBC-10CDE441BDC8}"
EndProject
Project("{2150E333-8FDC-42A3-9474-1A3956D46DE8}") = "Infrastructure", "Infrastructure", "{9491663A-2BD4-4C40-A408-4CED9DAC9D55}"
EndProject
Project("{FAE04EC0-301F-11D3-BF4B-00C04F79EFBC}") = "ConstructionEquipmentRentals.Infrastructure", "ConstructionEquipmentRentals.Infrastructure\ConstructionEquipmentRentals.Infrastructure.csproj", "{56B7C48A-C914-4334-B3CF-FC4EDA5D8205}"
EndProject
Project("{FAE04EC0-301F-11D3-BF4B-00C04F79EFBC}") = "ConstructionEquipmentRentals.Application", "ConstructionEquipmentRentals.Application\ConstructionEquipmentRentals.Application.csproj", "{43B407DC-1793-4F22-8AB4-613D24FB894E}"
EndProject
Project("{2150E333-8FDC-42A3-9474-1A3956D46DE8}") = "Domain", "Domain", "{4CF23898-74B9-4C34-992F-4F9137D0E792}"
EndProject
Project("{2150E333-8FDC-42A3-9474-1A3956D46DE8}") = "Presentation", "Presentation", "{F1B6F138-9F66-4A6D-BFC9-E4B34B227FC9}"
EndProject
Project("{FAE04EC0-301F-11D3-BF4B-00C04F79EFBC}") = "RentalService.Presentation", "RentalService.Presentation\RentalService.Presentation.csproj", "{72557EE0-374B-4023-B3A0-5FEE93EC1923}"
EndProject
Project("{2150E333-8FDC-42A3-9474-1A3956D46DE8}") = "Repositories", "Repositories", "{15E2108C-02EA-442C-BF67-58EE417CE5BD}"
	ProjectSection(SolutionItems) = preProject
		BookingRepository.cs = BookingRepository.cs
		ClientRepository.cs = ClientRepository.cs
		EquipmentRepository.cs = EquipmentRepository.cs
	EndProjectSection
EndProject
Global
	GlobalSection(SolutionConfigurationPlatforms) = preSolution
		Debug|Any CPU = Debug|Any CPU
		Release|Any CPU = Release|Any CPU
	EndGlobalSection
	GlobalSection(ProjectConfigurationPlatforms) = postSolution
		{E9591F36-D357-4E82-9832-0EE727DE9C6B}.Debug|Any CPU.ActiveCfg = Debug|Any CPU
		{E9591F36-D357-4E82-9832-0EE727DE9C6B}.Debug|Any CPU.Build.0 = Debug|Any CPU
		{E9591F36-D357-4E82-9832-0EE727DE9C6B}.Release|Any CPU.ActiveCfg = Release|Any CPU
		{E9591F36-D357-4E82-9832-0EE727DE9C6B}.Release|Any CPU.Build.0 = Release|Any CPU
		{56B7C48A-C914-4334-B3CF-FC4EDA5D8205}.Debug|Any CPU.ActiveCfg = Debug|Any CPU
		{56B7C48A-C914-4334-B3CF-FC4EDA5D8205}.Debug|Any CPU.Build.0 = Debug|Any CPU
		{56B7C48A-C914-4334-B3CF-FC4EDA5D8205}.Release|Any CPU.ActiveCfg = Release|Any CPU
		{56B7C48A-C914-4334-B3CF-FC4EDA5D8205}.Release|Any CPU.Build.0 = Release|Any CPU
		{43B407DC-1793-4F22-8AB4-613D24FB894E}.Debug|Any CPU.ActiveCfg = Debug|Any CPU
		{43B407DC-1793-4F22-8AB4-613D24FB894E}.Debug|Any CPU.Build.0 = Debug|Any CPU
		{43B407DC-1793-4F22-8AB4-613D24FB894E}.Release|Any CPU.ActiveCfg = Release|Any CPU
		{43B407DC-1793-4F22-8AB4-613D24FB894E}.Release|Any CPU.Build.0 = Release|Any CPU
		{72557EE0-374B-4023-B3A0-5FEE93EC1923}.Debug|Any CPU.ActiveCfg = Debug|Any CPU
		{72557EE0-374B-4023-B3A0-5FEE93EC1923}.Debug|Any CPU.Build.0 = Debug|Any CPU
		{72557EE0-374B-4023-B3A0-5FEE93EC1923}.Release|Any CPU.ActiveCfg = Release|Any CPU
		{72557EE0-374B-4023-B3A0-5FEE93EC1923}.Release|Any CPU.Build.0 = Release|Any CPU
	EndGlobalSection
	GlobalSection(SolutionProperties) = preSolution
		HideSolutionNode = FALSE
	EndGlobalSection
	GlobalSection(NestedProjects) = preSolution
		{E9591F36-D357-4E82-9832-0EE727DE9C6B} = {4CF23898-74B9-4C34-992F-4F9137D0E792}
		{56B7C48A-C914-4334-B3CF-FC4EDA5D8205} = {9491663A-2BD4-4C40-A408-4CED9DAC9D55}
		{43B407DC-1793-4F22-8AB4-613D24FB894E} = {36D591C7-65C7-A0D1-1CBC-10CDE441BDC8}
		{72557EE0-374B-4023-B3A0-5FEE93EC1923} = {F1B6F138-9F66-4A6D-BFC9-E4B34B227FC9}
		{15E2108C-02EA-442C-BF67-58EE417CE5BD} = {9491663A-2BD4-4C40-A408-4CED9DAC9D55}
	EndGlobalSection
	GlobalSection(ExtensibilityGlobals) = postSolution
		SolutionGuid = {9BB6FD64-7CED-4BFF-AC1C-254295F614CB}
	EndGlobalSection
EndGlobal
